
Microsoft Visual Studio Solution File, Format Version 12.00
# Visual Studio Version 17
VisualStudioVersion = 17.8.34322.80
MinimumVisualStudioVersion = 10.0.40219.1
Project("{9A19103F-16F7-4668-BE54-9A1E7A4F7556}") = "BulkyWeb", "BulkyWeb\BulkyWeb.csproj", "{4E47F573-98E4-40C0-ACF7-8B60E8A62191}"
EndProject
Project("{FAE04EC0-301F-11D3-BF4B-00C04F79EFBC}") = "Bulky.DataAccess", "Bulky.DataAccess\Bulky.DataAccess.csproj", "{E50C7AA3-2A0A-40B3-8290-A5741734416C}"
EndProject
Project("{FAE04EC0-301F-11D3-BF4B-00C04F79EFBC}") = "Bulky.Models", "Bulky.Models\Bulky.Models.csproj", "{E196C50F-1CB5-4AB8-9FA6-E094628A2288}"
EndProject
Project("{FAE04EC0-301F-11D3-BF4B-00C04F79EFBC}") = "Bulky.Utility", "Bulky.Utility\Bulky.Utility.csproj", "{B51DA1ED-9357-46D2-96C8-D3A359D8B6A0}"
EndProject
Global
	GlobalSection(SolutionConfigurationPlatforms) = preSolution
		Debug|Any CPU = Debug|Any CPU
		Release|Any CPU = Release|Any CPU
	EndGlobalSection
	GlobalSection(ProjectConfigurationPlatforms) = postSolution
		{4E47F573-98E4-40C0-ACF7-8B60E8A62191}.Debug|Any CPU.ActiveCfg = Debug|Any CPU
		{4E47F573-98E4-40C0-ACF7-8B60E8A62191}.Debug|Any CPU.Build.0 = Debug|Any CPU
		{4E47F573-98E4-40C0-ACF7-8B60E8A62191}.Release|Any CPU.ActiveCfg = Release|Any CPU
		{4E47F573-98E4-40C0-ACF7-8B60E8A62191}.Release|Any CPU.Build.0 = Release|Any CPU
		{E50C7AA3-2A0A-40B3-8290-A5741734416C}.Debug|Any CPU.ActiveCfg = Debug|Any CPU
		{E50C7AA3-2A0A-40B3-8290-A5741734416C}.Debug|Any CPU.Build.0 = Debug|Any CPU
		{E50C7AA3-2A0A-40B3-8290-A5741734416C}.Release|Any CPU.ActiveCfg = Release|Any CPU
		{E50C7AA3-2A0A-40B3-8290-A5741734416C}.Release|Any CPU.Build.0 = Release|Any CPU
		{E196C50F-1CB5-4AB8-9FA6-E094628A2288}.Debug|Any CPU.ActiveCfg = Debug|Any CPU
		{E196C50F-1CB5-4AB8-9FA6-E094628A2288}.Debug|Any CPU.Build.0 = Debug|Any CPU
		{E196C50F-1CB5-4AB8-9FA6-E094628A2288}.Release|Any CPU.ActiveCfg = Release|Any CPU
		{E196C50F-1CB5-4AB8-9FA6-E094628A2288}.Release|Any CPU.Build.0 = Release|Any CPU
		{B51DA1ED-9357-46D2-96C8-D3A359D8B6A0}.Debug|Any CPU.ActiveCfg = Debug|Any CPU
		{B51DA1ED-9357-46D2-96C8-D3A359D8B6A0}.Debug|Any CPU.Build.0 = Debug|Any CPU
		{B51DA1ED-9357-46D2-96C8-D3A359D8B6A0}.Release|Any CPU.ActiveCfg = Release|Any CPU
		{B51DA1ED-9357-46D2-96C8-D3A359D8B6A0}.Release|Any CPU.Build.0 = Release|Any CPU
	EndGlobalSection
	GlobalSection(SolutionProperties) = preSolution
		HideSolutionNode = FALSE
	EndGlobalSection
	GlobalSection(ExtensibilityGlobals) = postSolution
		SolutionGuid = {C9CDCD0E-3BBF-40C8-BC4E-A3F326F51B8B}
	EndGlobalSection
EndGlobal
