
Microsoft Visual Studio Solution File, Format Version 12.00
# Visual Studio Version 17
VisualStudioVersion = 17.8.34322.80
MinimumVisualStudioVersion = 10.0.40219.1
Project("{FAE04EC0-301F-11D3-BF4B-00C04F79EFBC}") = "BulkyWeb", "BulkyWeb\BulkyWeb.csproj", "{4E47F573-98E4-40C0-ACF7-8B60E8A62191}"
EndProject
Global
	GlobalSection(SolutionConfigurationPlatforms) = preSolution
		Debug|Any CPU = Debug|Any CPU
		Release|Any CPU = Release|Any CPU
	EndGlobalSection
	GlobalSection(ProjectConfigurationPlatforms) = postSolution
		{4E47F573-98E4-40C0-ACF7-8B60E8A62191}.Debug|Any CPU.ActiveCfg = Debug|Any CPU
		{4E47F573-98E4-40C0-ACF7-8B60E8A62191}.Debug|Any CPU.Build.0 = Debug|Any CPU
		{4E47F573-98E4-40C0-ACF7-8B60E8A62191}.Release|Any CPU.ActiveCfg = Release|Any CPU
		{4E47F573-98E4-40C0-ACF7-8B60E8A62191}.Release|Any CPU.Build.0 = Release|Any CPU
	EndGlobalSection
	GlobalSection(SolutionProperties) = preSolution
		HideSolutionNode = FALSE
	EndGlobalSection
	GlobalSection(ExtensibilityGlobals) = postSolution
		SolutionGuid = {C9CDCD0E-3BBF-40C8-BC4E-A3F326F51B8B}
	EndGlobalSection
EndGlobal
